
Microsoft Visual Studio Solution File, Format Version 12.00
# Visual Studio 2012
Project("{FAE04EC0-301F-11D3-BF4B-00C04F79EFBC}") = "ICT13580043A", "ICT13580043A\ICT13580043A.csproj", "{2F1B72E8-E534-4561-9806-983B9F548C3E}"
EndProject
Project("{FAE04EC0-301F-11D3-BF4B-00C04F79EFBC}") = "ICT13580043A.iOS", "iOS\ICT13580043A.iOS.csproj", "{067221C7-431E-440A-AC89-B6EA9889C2FD}"
EndProject
Global
	GlobalSection(SolutionConfigurationPlatforms) = preSolution
		Debug|Any CPU = Debug|Any CPU
		Release|Any CPU = Release|Any CPU
		Debug|iPhoneSimulator = Debug|iPhoneSimulator
		Release|iPhone = Release|iPhone
		Release|iPhoneSimulator = Release|iPhoneSimulator
		Debug|iPhone = Debug|iPhone
	EndGlobalSection
	GlobalSection(ProjectConfigurationPlatforms) = postSolution
		{2F1B72E8-E534-4561-9806-983B9F548C3E}.Debug|Any CPU.ActiveCfg = Debug|Any CPU
		{2F1B72E8-E534-4561-9806-983B9F548C3E}.Debug|Any CPU.Build.0 = Debug|Any CPU
		{2F1B72E8-E534-4561-9806-983B9F548C3E}.Release|Any CPU.ActiveCfg = Release|Any CPU
		{2F1B72E8-E534-4561-9806-983B9F548C3E}.Release|Any CPU.Build.0 = Release|Any CPU
		{2F1B72E8-E534-4561-9806-983B9F548C3E}.Debug|iPhoneSimulator.ActiveCfg = Debug|Any CPU
		{2F1B72E8-E534-4561-9806-983B9F548C3E}.Debug|iPhoneSimulator.Build.0 = Debug|Any CPU
		{2F1B72E8-E534-4561-9806-983B9F548C3E}.Release|iPhone.ActiveCfg = Release|Any CPU
		{2F1B72E8-E534-4561-9806-983B9F548C3E}.Release|iPhone.Build.0 = Release|Any CPU
		{2F1B72E8-E534-4561-9806-983B9F548C3E}.Release|iPhoneSimulator.ActiveCfg = Release|Any CPU
		{2F1B72E8-E534-4561-9806-983B9F548C3E}.Release|iPhoneSimulator.Build.0 = Release|Any CPU
		{2F1B72E8-E534-4561-9806-983B9F548C3E}.Debug|iPhone.ActiveCfg = Debug|Any CPU
		{2F1B72E8-E534-4561-9806-983B9F548C3E}.Debug|iPhone.Build.0 = Debug|Any CPU
		{067221C7-431E-440A-AC89-B6EA9889C2FD}.Debug|Any CPU.ActiveCfg = Debug|iPhoneSimulator
		{067221C7-431E-440A-AC89-B6EA9889C2FD}.Debug|Any CPU.Build.0 = Debug|iPhoneSimulator
		{067221C7-431E-440A-AC89-B6EA9889C2FD}.Release|Any CPU.ActiveCfg = Release|iPhone
		{067221C7-431E-440A-AC89-B6EA9889C2FD}.Release|Any CPU.Build.0 = Release|iPhone
		{067221C7-431E-440A-AC89-B6EA9889C2FD}.Debug|iPhoneSimulator.ActiveCfg = Debug|iPhoneSimulator
		{067221C7-431E-440A-AC89-B6EA9889C2FD}.Debug|iPhoneSimulator.Build.0 = Debug|iPhoneSimulator
		{067221C7-431E-440A-AC89-B6EA9889C2FD}.Release|iPhone.ActiveCfg = Release|iPhone
		{067221C7-431E-440A-AC89-B6EA9889C2FD}.Release|iPhone.Build.0 = Release|iPhone
		{067221C7-431E-440A-AC89-B6EA9889C2FD}.Release|iPhoneSimulator.ActiveCfg = Release|iPhoneSimulator
		{067221C7-431E-440A-AC89-B6EA9889C2FD}.Release|iPhoneSimulator.Build.0 = Release|iPhoneSimulator
		{067221C7-431E-440A-AC89-B6EA9889C2FD}.Debug|iPhone.ActiveCfg = Debug|iPhone
		{067221C7-431E-440A-AC89-B6EA9889C2FD}.Debug|iPhone.Build.0 = Debug|iPhone
	EndGlobalSection
EndGlobal
